
Microsoft Visual Studio Solution File, Format Version 12.00
# Visual Studio Version 17
VisualStudioVersion = 17.7.34031.279
MinimumVisualStudioVersion = 10.0.40219.1
Project("{8BC9CEB8-8B4A-11D0-8D11-00A0C91BC942}") = "пр7.2іт", "пр7.2іт\пр7.2іт.vcxproj", "{D17282C2-6B74-49A6-9BC3-D6763A820C20}"
EndProject
Project("{8BC9CEB8-8B4A-11D0-8D11-00A0C91BC942}") = "UnitTest7.2іт", "UnitTest7.2іт\UnitTest7.2іт.vcxproj", "{52539854-2651-4DB0-A15E-47554C61620A}"
EndProject
Global
	GlobalSection(SolutionConfigurationPlatforms) = preSolution
		Debug|x64 = Debug|x64
		Debug|x86 = Debug|x86
		Release|x64 = Release|x64
		Release|x86 = Release|x86
	EndGlobalSection
	GlobalSection(ProjectConfigurationPlatforms) = postSolution
		{D17282C2-6B74-49A6-9BC3-D6763A820C20}.Debug|x64.ActiveCfg = Debug|x64
		{D17282C2-6B74-49A6-9BC3-D6763A820C20}.Debug|x64.Build.0 = Debug|x64
		{D17282C2-6B74-49A6-9BC3-D6763A820C20}.Debug|x86.ActiveCfg = Debug|Win32
		{D17282C2-6B74-49A6-9BC3-D6763A820C20}.Debug|x86.Build.0 = Debug|Win32
		{D17282C2-6B74-49A6-9BC3-D6763A820C20}.Release|x64.ActiveCfg = Release|x64
		{D17282C2-6B74-49A6-9BC3-D6763A820C20}.Release|x64.Build.0 = Release|x64
		{D17282C2-6B74-49A6-9BC3-D6763A820C20}.Release|x86.ActiveCfg = Release|Win32
		{D17282C2-6B74-49A6-9BC3-D6763A820C20}.Release|x86.Build.0 = Release|Win32
		{52539854-2651-4DB0-A15E-47554C61620A}.Debug|x64.ActiveCfg = Debug|x64
		{52539854-2651-4DB0-A15E-47554C61620A}.Debug|x64.Build.0 = Debug|x64
		{52539854-2651-4DB0-A15E-47554C61620A}.Debug|x86.ActiveCfg = Debug|Win32
		{52539854-2651-4DB0-A15E-47554C61620A}.Debug|x86.Build.0 = Debug|Win32
		{52539854-2651-4DB0-A15E-47554C61620A}.Release|x64.ActiveCfg = Release|x64
		{52539854-2651-4DB0-A15E-47554C61620A}.Release|x64.Build.0 = Release|x64
		{52539854-2651-4DB0-A15E-47554C61620A}.Release|x86.ActiveCfg = Release|Win32
		{52539854-2651-4DB0-A15E-47554C61620A}.Release|x86.Build.0 = Release|Win32
	EndGlobalSection
	GlobalSection(SolutionProperties) = preSolution
		HideSolutionNode = FALSE
	EndGlobalSection
	GlobalSection(ExtensibilityGlobals) = postSolution
		SolutionGuid = {01627F9F-D953-4AC2-A581-EB578C8BFFA4}
	EndGlobalSection
EndGlobal
